
Microsoft Visual Studio Solution File, Format Version 12.00
# Visual Studio 2013
VisualStudioVersion = 12.0.31101.0
MinimumVisualStudioVersion = 10.0.40219.1
Project("{FAE04EC0-301F-11D3-BF4B-00C04F79EFBC}") = "RDVMedicaux", "RDVMedicaux\RDVMedicaux.csproj", "{C29F7333-691A-4711-B99C-D9E78073F22B}"
EndProject
Project("{FAE04EC0-301F-11D3-BF4B-00C04F79EFBC}") = "RDVMedicaux.Dal", "RDVMedicaux.dal\RDVMedicaux.Dal.csproj", "{F196DE11-12C5-4C35-B9C0-C08FD8B66156}"
EndProject
Project("{FAE04EC0-301F-11D3-BF4B-00C04F79EFBC}") = "RDVMedicaux.Model", "RDVMedicaux.Model\RDVMedicaux.Model.csproj", "{35A68BCB-8D9D-4E57-B7DA-67C367E1CB71}"
EndProject
Project("{FAE04EC0-301F-11D3-BF4B-00C04F79EFBC}") = "RDVMedicaux.AppException", "RDVMedicaux.AppException\RDVMedicaux.AppException.csproj", "{E29A0FCD-386E-4375-80CC-0C59D5601622}"
EndProject
Global
	GlobalSection(SolutionConfigurationPlatforms) = preSolution
		Debug|Any CPU = Debug|Any CPU
		Release|Any CPU = Release|Any CPU
	EndGlobalSection
	GlobalSection(ProjectConfigurationPlatforms) = postSolution
		{C29F7333-691A-4711-B99C-D9E78073F22B}.Debug|Any CPU.ActiveCfg = Debug|Any CPU
		{C29F7333-691A-4711-B99C-D9E78073F22B}.Debug|Any CPU.Build.0 = Debug|Any CPU
		{C29F7333-691A-4711-B99C-D9E78073F22B}.Release|Any CPU.ActiveCfg = Release|Any CPU
		{C29F7333-691A-4711-B99C-D9E78073F22B}.Release|Any CPU.Build.0 = Release|Any CPU
		{F196DE11-12C5-4C35-B9C0-C08FD8B66156}.Debug|Any CPU.ActiveCfg = Debug|Any CPU
		{F196DE11-12C5-4C35-B9C0-C08FD8B66156}.Debug|Any CPU.Build.0 = Debug|Any CPU
		{F196DE11-12C5-4C35-B9C0-C08FD8B66156}.Release|Any CPU.ActiveCfg = Release|Any CPU
		{F196DE11-12C5-4C35-B9C0-C08FD8B66156}.Release|Any CPU.Build.0 = Release|Any CPU
		{35A68BCB-8D9D-4E57-B7DA-67C367E1CB71}.Debug|Any CPU.ActiveCfg = Debug|Any CPU
		{35A68BCB-8D9D-4E57-B7DA-67C367E1CB71}.Debug|Any CPU.Build.0 = Debug|Any CPU
		{35A68BCB-8D9D-4E57-B7DA-67C367E1CB71}.Release|Any CPU.ActiveCfg = Release|Any CPU
		{35A68BCB-8D9D-4E57-B7DA-67C367E1CB71}.Release|Any CPU.Build.0 = Release|Any CPU
		{E29A0FCD-386E-4375-80CC-0C59D5601622}.Debug|Any CPU.ActiveCfg = Debug|Any CPU
		{E29A0FCD-386E-4375-80CC-0C59D5601622}.Debug|Any CPU.Build.0 = Debug|Any CPU
		{E29A0FCD-386E-4375-80CC-0C59D5601622}.Release|Any CPU.ActiveCfg = Release|Any CPU
		{E29A0FCD-386E-4375-80CC-0C59D5601622}.Release|Any CPU.Build.0 = Release|Any CPU
	EndGlobalSection
	GlobalSection(SolutionProperties) = preSolution
		HideSolutionNode = FALSE
	EndGlobalSection
EndGlobal
